// !$*UTF8*$!
{
	archiveVersion = 1;
	classes = {
	};
	objectVersion = 50;
	objects = {

/* Begin PBXBuildFile section */
		67FF5E8C23BDF2ED00781428 /* AppDelegate.swift in Sources */ = {isa = PBXBuildFile; fileRef = 67FF5E8B23BDF2ED00781428 /* AppDelegate.swift */; };
		67FF5E8E23BDF2ED00781428 /* SceneDelegate.swift in Sources */ = {isa = PBXBuildFile; fileRef = 67FF5E8D23BDF2ED00781428 /* SceneDelegate.swift */; };
		67FF5E9023BDF2ED00781428 /* ViewController.swift in Sources */ = {isa = PBXBuildFile; fileRef = 67FF5E8F23BDF2ED00781428 /* ViewController.swift */; };
		67FF5E9323BDF2ED00781428 /* Main.storyboard in Resources */ = {isa = PBXBuildFile; fileRef = 67FF5E9123BDF2ED00781428 /* Main.storyboard */; };
		67FF5E9523BDF2F100781428 /* Assets.xcassets in Resources */ = {isa = PBXBuildFile; fileRef = 67FF5E9423BDF2F100781428 /* Assets.xcassets */; };
		67FF5E9823BDF2F100781428 /* LaunchScreen.storyboard in Resources */ = {isa = PBXBuildFile; fileRef = 67FF5E9623BDF2F100781428 /* LaunchScreen.storyboard */; };
		67FF5EA323BDF2F100781428 /* TabBarTests.swift in Sources */ = {isa = PBXBuildFile; fileRef = 67FF5EA223BDF2F100781428 /* TabBarTests.swift */; };
		67FF5EAE23BDF2F100781428 /* TabBarUITests.swift in Sources */ = {isa = PBXBuildFile; fileRef = 67FF5EAD23BDF2F100781428 /* TabBarUITests.swift */; };
		67FF5EBE23BDF32200781428 /* green.storyboard in Resources */ = {isa = PBXBuildFile; fileRef = 67FF5EBD23BDF32200781428 /* green.storyboard */; };
		67FF5EC023BDF32F00781428 /* blue.storyboard in Resources */ = {isa = PBXBuildFile; fileRef = 67FF5EBF23BDF32F00781428 /* blue.storyboard */; };
		67FF5EC223BDF33E00781428 /* orange.storyboard in Resources */ = {isa = PBXBuildFile; fileRef = 67FF5EC123BDF33E00781428 /* orange.storyboard */; };
		67FF5EC423BDF34900781428 /* purple.storyboard in Resources */ = {isa = PBXBuildFile; fileRef = 67FF5EC323BDF34900781428 /* purple.storyboard */; };
/* End PBXBuildFile section */

/* Begin PBXContainerItemProxy section */
		67FF5E9F23BDF2F100781428 /* PBXContainerItemProxy */ = {
			isa = PBXContainerItemProxy;
			containerPortal = 67FF5E8023BDF2ED00781428 /* Project object */;
			proxyType = 1;
			remoteGlobalIDString = 67FF5E8723BDF2ED00781428;
			remoteInfo = TabBar;
		};
		67FF5EAA23BDF2F100781428 /* PBXContainerItemProxy */ = {
			isa = PBXContainerItemProxy;
			containerPortal = 67FF5E8023BDF2ED00781428 /* Project object */;
			proxyType = 1;
			remoteGlobalIDString = 67FF5E8723BDF2ED00781428;
			remoteInfo = TabBar;
		};
/* End PBXContainerItemProxy section */

/* Begin PBXFileReference section */
		67FF5E8823BDF2ED00781428 /* TabBar.app */ = {isa = PBXFileReference; explicitFileType = wrapper.application; includeInIndex = 0; path = TabBar.app; sourceTree = BUILT_PRODUCTS_DIR; };
		67FF5E8B23BDF2ED00781428 /* AppDelegate.swift */ = {isa = PBXFileReference; lastKnownFileType = sourcecode.swift; path = AppDelegate.swift; sourceTree = "<group>"; };
		67FF5E8D23BDF2ED00781428 /* SceneDelegate.swift */ = {isa = PBXFileReference; lastKnownFileType = sourcecode.swift; path = SceneDelegate.swift; sourceTree = "<group>"; };
		67FF5E8F23BDF2ED00781428 /* ViewController.swift */ = {isa = PBXFileReference; lastKnownFileType = sourcecode.swift; path = ViewController.swift; sourceTree = "<group>"; };
		67FF5E9223BDF2ED00781428 /* Base */ = {isa = PBXFileReference; lastKnownFileType = file.storyboard; name = Base; path = Base.lproj/Main.storyboard; sourceTree = "<group>"; };
		67FF5E9423BDF2F100781428 /* Assets.xcassets */ = {isa = PBXFileReference; lastKnownFileType = folder.assetcatalog; path = Assets.xcassets; sourceTree = "<group>"; };
		67FF5E9723BDF2F100781428 /* Base */ = {isa = PBXFileReference; lastKnownFileType = file.storyboard; name = Base; path = Base.lproj/LaunchScreen.storyboard; sourceTree = "<group>"; };
		67FF5E9923BDF2F100781428 /* Info.plist */ = {isa = PBXFileReference; lastKnownFileType = text.plist.xml; path = Info.plist; sourceTree = "<group>"; };
		67FF5E9E23BDF2F100781428 /* TabBarTests.xctest */ = {isa = PBXFileReference; explicitFileType = wrapper.cfbundle; includeInIndex = 0; path = TabBarTests.xctest; sourceTree = BUILT_PRODUCTS_DIR; };
		67FF5EA223BDF2F100781428 /* TabBarTests.swift */ = {isa = PBXFileReference; lastKnownFileType = sourcecode.swift; path = TabBarTests.swift; sourceTree = "<group>"; };
		67FF5EA423BDF2F100781428 /* Info.plist */ = {isa = PBXFileReference; lastKnownFileType = text.plist.xml; path = Info.plist; sourceTree = "<group>"; };
		67FF5EA923BDF2F100781428 /* TabBarUITests.xctest */ = {isa = PBXFileReference; explicitFileType = wrapper.cfbundle; includeInIndex = 0; path = TabBarUITests.xctest; sourceTree = BUILT_PRODUCTS_DIR; };
		67FF5EAD23BDF2F100781428 /* TabBarUITests.swift */ = {isa = PBXFileReference; lastKnownFileType = sourcecode.swift; path = TabBarUITests.swift; sourceTree = "<group>"; };
		67FF5EAF23BDF2F100781428 /* Info.plist */ = {isa = PBXFileReference; lastKnownFileType = text.plist.xml; path = Info.plist; sourceTree = "<group>"; };
		67FF5EBD23BDF32200781428 /* green.storyboard */ = {isa = PBXFileReference; lastKnownFileType = file.storyboard; path = green.storyboard; sourceTree = "<group>"; };
		67FF5EBF23BDF32F00781428 /* blue.storyboard */ = {isa = PBXFileReference; lastKnownFileType = file.storyboard; path = blue.storyboard; sourceTree = "<group>"; };
		67FF5EC123BDF33E00781428 /* orange.storyboard */ = {isa = PBXFileReference; lastKnownFileType = file.storyboard; path = orange.storyboard; sourceTree = "<group>"; };
		67FF5EC323BDF34900781428 /* purple.storyboard */ = {isa = PBXFileReference; lastKnownFileType = file.storyboard; path = purple.storyboard; sourceTree = "<group>"; };
/* End PBXFileReference section */

/* Begin PBXFrameworksBuildPhase section */
		67FF5E8523BDF2ED00781428 /* Frameworks */ = {
			isa = PBXFrameworksBuildPhase;
			buildActionMask = 2147483647;
			files = (
			);
			runOnlyForDeploymentPostprocessing = 0;
		};
		67FF5E9B23BDF2F100781428 /* Frameworks */ = {
			isa = PBXFrameworksBuildPhase;
			buildActionMask = 2147483647;
			files = (
			);
			runOnlyForDeploymentPostprocessing = 0;
		};
		67FF5EA623BDF2F100781428 /* Frameworks */ = {
			isa = PBXFrameworksBuildPhase;
			buildActionMask = 2147483647;
			files = (
			);
			runOnlyForDeploymentPostprocessing = 0;
		};
/* End PBXFrameworksBuildPhase section */

/* Begin PBXGroup section */
		67FF5E7F23BDF2ED00781428 = {
			isa = PBXGroup;
			children = (
				67FF5E8A23BDF2ED00781428 /* TabBar */,
				67FF5EA123BDF2F100781428 /* TabBarTests */,
				67FF5EAC23BDF2F100781428 /* TabBarUITests */,
				67FF5E8923BDF2ED00781428 /* Products */,
			);
			sourceTree = "<group>";
		};
		67FF5E8923BDF2ED00781428 /* Products */ = {
			isa = PBXGroup;
			children = (
				67FF5E8823BDF2ED00781428 /* TabBar.app */,
				67FF5E9E23BDF2F100781428 /* TabBarTests.xctest */,
				67FF5EA923BDF2F100781428 /* TabBarUITests.xctest */,
			);
			name = Products;
			sourceTree = "<group>";
		};
		67FF5E8A23BDF2ED00781428 /* TabBar */ = {
			isa = PBXGroup;
			children = (
				67FF5E8B23BDF2ED00781428 /* AppDelegate.swift */,
				67FF5E8D23BDF2ED00781428 /* SceneDelegate.swift */,
				67FF5E8F23BDF2ED00781428 /* ViewController.swift */,
				67FF5E9123BDF2ED00781428 /* Main.storyboard */,
				67FF5EBD23BDF32200781428 /* green.storyboard */,
				67FF5EBF23BDF32F00781428 /* blue.storyboard */,
				67FF5EC123BDF33E00781428 /* orange.storyboard */,
				67FF5EC323BDF34900781428 /* purple.storyboard */,
				67FF5E9423BDF2F100781428 /* Assets.xcassets */,
				67FF5E9623BDF2F100781428 /* LaunchScreen.storyboard */,
				67FF5E9923BDF2F100781428 /* Info.plist */,
			);
			path = TabBar;
			sourceTree = "<group>";
		};
		67FF5EA123BDF2F100781428 /* TabBarTests */ = {
			isa = PBXGroup;
			children = (
				67FF5EA223BDF2F100781428 /* TabBarTests.swift */,
				67FF5EA423BDF2F100781428 /* Info.plist */,
			);
			path = TabBarTests;
			sourceTree = "<group>";
		};
		67FF5EAC23BDF2F100781428 /* TabBarUITests */ = {
			isa = PBXGroup;
			children = (
				67FF5EAD23BDF2F100781428 /* TabBarUITests.swift */,
				67FF5EAF23BDF2F100781428 /* Info.plist */,
			);
			path = TabBarUITests;
			sourceTree = "<group>";
		};
/* End PBXGroup section */

/* Begin PBXNativeTarget section */
		67FF5E8723BDF2ED00781428 /* TabBar */ = {
			isa = PBXNativeTarget;
			buildConfigurationList = 67FF5EB223BDF2F100781428 /* Build configuration list for PBXNativeTarget "TabBar" */;
			buildPhases = (
				67FF5E8423BDF2ED00781428 /* Sources */,
				67FF5E8523BDF2ED00781428 /* Frameworks */,
				67FF5E8623BDF2ED00781428 /* Resources */,
			);
			buildRules = (
			);
			dependencies = (
			);
			name = TabBar;
			productName = TabBar;
			productReference = 67FF5E8823BDF2ED00781428 /* TabBar.app */;
			productType = "com.apple.product-type.application";
		};
		67FF5E9D23BDF2F100781428 /* TabBarTests */ = {
			isa = PBXNativeTarget;
			buildConfigurationList = 67FF5EB523BDF2F100781428 /* Build configuration list for PBXNativeTarget "TabBarTests" */;
			buildPhases = (
				67FF5E9A23BDF2F100781428 /* Sources */,
				67FF5E9B23BDF2F100781428 /* Frameworks */,
				67FF5E9C23BDF2F100781428 /* Resources */,
			);
			buildRules = (
			);
			dependencies = (
				67FF5EA023BDF2F100781428 /* PBXTargetDependency */,
			);
			name = TabBarTests;
			productName = TabBarTests;
			productReference = 67FF5E9E23BDF2F100781428 /* TabBarTests.xctest */;
			productType = "com.apple.product-type.bundle.unit-test";
		};
		67FF5EA823BDF2F100781428 /* TabBarUITests */ = {
			isa = PBXNativeTarget;
			buildConfigurationList = 67FF5EB823BDF2F100781428 /* Build configuration list for PBXNativeTarget "TabBarUITests" */;
			buildPhases = (
				67FF5EA523BDF2F100781428 /* Sources */,
				67FF5EA623BDF2F100781428 /* Frameworks */,
				67FF5EA723BDF2F100781428 /* Resources */,
			);
			buildRules = (
			);
			dependencies = (
				67FF5EAB23BDF2F100781428 /* PBXTargetDependency */,
			);
			name = TabBarUITests;
			productName = TabBarUITests;
			productReference = 67FF5EA923BDF2F100781428 /* TabBarUITests.xctest */;
			productType = "com.apple.product-type.bundle.ui-testing";
		};
/* End PBXNativeTarget section */

/* Begin PBXProject section */
		67FF5E8023BDF2ED00781428 /* Project object */ = {
			isa = PBXProject;
			attributes = {
				LastSwiftUpdateCheck = 1130;
				LastUpgradeCheck = 1130;
				ORGANIZATIONNAME = RockefellerMagic;
				TargetAttributes = {
					67FF5E8723BDF2ED00781428 = {
						CreatedOnToolsVersion = 11.3;
					};
					67FF5E9D23BDF2F100781428 = {
						CreatedOnToolsVersion = 11.3;
						TestTargetID = 67FF5E8723BDF2ED00781428;
					};
					67FF5EA823BDF2F100781428 = {
						CreatedOnToolsVersion = 11.3;
						TestTargetID = 67FF5E8723BDF2ED00781428;
					};
				};
			};
			buildConfigurationList = 67FF5E8323BDF2ED00781428 /* Build configuration list for PBXProject "TabBar" */;
			compatibilityVersion = "Xcode 9.3";
			developmentRegion = en;
			hasScannedForEncodings = 0;
			knownRegions = (
				en,
				Base,
			);
			mainGroup = 67FF5E7F23BDF2ED00781428;
			productRefGroup = 67FF5E8923BDF2ED00781428 /* Products */;
			projectDirPath = "";
			projectRoot = "";
			targets = (
				67FF5E8723BDF2ED00781428 /* TabBar */,
				67FF5E9D23BDF2F100781428 /* TabBarTests */,
				67FF5EA823BDF2F100781428 /* TabBarUITests */,
			);
		};
/* End PBXProject section */

/* Begin PBXResourcesBuildPhase section */
		67FF5E8623BDF2ED00781428 /* Resources */ = {
			isa = PBXResourcesBuildPhase;
			buildActionMask = 2147483647;
			files = (
				67FF5EC223BDF33E00781428 /* orange.storyboard in Resources */,
				67FF5EC423BDF34900781428 /* purple.storyboard in Resources */,
				67FF5EC023BDF32F00781428 /* blue.storyboard in Resources */,
				67FF5EBE23BDF32200781428 /* green.storyboard in Resources */,
				67FF5E9823BDF2F100781428 /* LaunchScreen.storyboard in Resources */,
				67FF5E9523BDF2F100781428 /* Assets.xcassets in Resources */,
				67FF5E9323BDF2ED00781428 /* Main.storyboard in Resources */,
			);
			runOnlyForDeploymentPostprocessing = 0;
		};
		67FF5E9C23BDF2F100781428 /* Resources */ = {
			isa = PBXResourcesBuildPhase;
			buildActionMask = 2147483647;
			files = (
			);
			runOnlyForDeploymentPostprocessing = 0;
		};
		67FF5EA723BDF2F100781428 /* Resources */ = {
			isa = PBXResourcesBuildPhase;
			buildActionMask = 2147483647;
			files = (
			);
			runOnlyForDeploymentPostprocessing = 0;
		};
/* End PBXResourcesBuildPhase section */

/* Begin PBXSourcesBuildPhase section */
		67FF5E8423BDF2ED00781428 /* Sources */ = {
			isa = PBXSourcesBuildPhase;
			buildActionMask = 2147483647;
			files = (
				67FF5E9023BDF2ED00781428 /* ViewController.swift in Sources */,
				67FF5E8C23BDF2ED00781428 /* AppDelegate.swift in Sources */,
				67FF5E8E23BDF2ED00781428 /* SceneDelegate.swift in Sources */,
			);
			runOnlyForDeploymentPostprocessing = 0;
		};
		67FF5E9A23BDF2F100781428 /* Sources */ = {
			isa = PBXSourcesBuildPhase;
			buildActionMask = 2147483647;
			files = (
				67FF5EA323BDF2F100781428 /* TabBarTests.swift in Sources */,
			);
			runOnlyForDeploymentPostprocessing = 0;
		};
		67FF5EA523BDF2F100781428 /* Sources */ = {
			isa = PBXSourcesBuildPhase;
			buildActionMask = 2147483647;
			files = (
				67FF5EAE23BDF2F100781428 /* TabBarUITests.swift in Sources */,
			);
			runOnlyForDeploymentPostprocessing = 0;
		};
/* End PBXSourcesBuildPhase section */

/* Begin PBXTargetDependency section */
		67FF5EA023BDF2F100781428 /* PBXTargetDependency */ = {
			isa = PBXTargetDependency;
			target = 67FF5E8723BDF2ED00781428 /* TabBar */;
			targetProxy = 67FF5E9F23BDF2F100781428 /* PBXContainerItemProxy */;
		};
		67FF5EAB23BDF2F100781428 /* PBXTargetDependency */ = {
			isa = PBXTargetDependency;
			target = 67FF5E8723BDF2ED00781428 /* TabBar */;
			targetProxy = 67FF5EAA23BDF2F100781428 /* PBXContainerItemProxy */;
		};
/* End PBXTargetDependency section */

/* Begin PBXVariantGroup section */
		67FF5E9123BDF2ED00781428 /* Main.storyboard */ = {
			isa = PBXVariantGroup;
			children = (
				67FF5E9223BDF2ED00781428 /* Base */,
			);
			name = Main.storyboard;
			sourceTree = "<group>";
		};
		67FF5E9623BDF2F100781428 /* LaunchScreen.storyboard */ = {
			isa = PBXVariantGroup;
			children = (
				67FF5E9723BDF2F100781428 /* Base */,
			);
			name = LaunchScreen.storyboard;
			sourceTree = "<group>";
		};
/* End PBXVariantGroup section */

/* Begin XCBuildConfiguration section */
		67FF5EB023BDF2F100781428 /* Debug */ = {
			isa = XCBuildConfiguration;
			buildSettings = {
				ALWAYS_SEARCH_USER_PATHS = NO;
				CLANG_ANALYZER_NONNULL = YES;
				CLANG_ANALYZER_NUMBER_OBJECT_CONVERSION = YES_AGGRESSIVE;
				CLANG_CXX_LANGUAGE_STANDARD = "gnu++14";
				CLANG_CXX_LIBRARY = "libc++";
				CLANG_ENABLE_MODULES = YES;
				CLANG_ENABLE_OBJC_ARC = YES;
				CLANG_ENABLE_OBJC_WEAK = YES;
				CLANG_WARN_BLOCK_CAPTURE_AUTORELEASING = YES;
				CLANG_WARN_BOOL_CONVERSION = YES;
				CLANG_WARN_COMMA = YES;
				CLANG_WARN_CONSTANT_CONVERSION = YES;
				CLANG_WARN_DEPRECATED_OBJC_IMPLEMENTATIONS = YES;
				CLANG_WARN_DIRECT_OBJC_ISA_USAGE = YES_ERROR;
				CLANG_WARN_DOCUMENTATION_COMMENTS = YES;
				CLANG_WARN_EMPTY_BODY = YES;
				CLANG_WARN_ENUM_CONVERSION = YES;
				CLANG_WARN_INFINITE_RECURSION = YES;
				CLANG_WARN_INT_CONVERSION = YES;
				CLANG_WARN_NON_LITERAL_NULL_CONVERSION = YES;
				CLANG_WARN_OBJC_IMPLICIT_RETAIN_SELF = YES;
				CLANG_WARN_OBJC_LITERAL_CONVERSION = YES;
				CLANG_WARN_OBJC_ROOT_CLASS = YES_ERROR;
				CLANG_WARN_RANGE_LOOP_ANALYSIS = YES;
				CLANG_WARN_STRICT_PROTOTYPES = YES;
				CLANG_WARN_SUSPICIOUS_MOVE = YES;
				CLANG_WARN_UNGUARDED_AVAILABILITY = YES_AGGRESSIVE;
				CLANG_WARN_UNREACHABLE_CODE = YES;
				CLANG_WARN__DUPLICATE_METHOD_MATCH = YES;
				COPY_PHASE_STRIP = NO;
				DEBUG_INFORMATION_FORMAT = dwarf;
				ENABLE_STRICT_OBJC_MSGSEND = YES;
				ENABLE_TESTABILITY = YES;
				GCC_C_LANGUAGE_STANDARD = gnu11;
				GCC_DYNAMIC_NO_PIC = NO;
				GCC_NO_COMMON_BLOCKS = YES;
				GCC_OPTIMIZATION_LEVEL = 0;
				GCC_PREPROCESSOR_DEFINITIONS = (
					"DEBUG=1",
					"$(inherited)",
				);
				GCC_WARN_64_TO_32_BIT_CONVERSION = YES;
				GCC_WARN_ABOUT_RETURN_TYPE = YES_ERROR;
				GCC_WARN_UNDECLARED_SELECTOR = YES;
				GCC_WARN_UNINITIALIZED_AUTOS = YES_AGGRESSIVE;
				GCC_WARN_UNUSED_FUNCTION = YES;
				GCC_WARN_UNUSED_VARIABLE = YES;
				IPHONEOS_DEPLOYMENT_TARGET = 13.2;
				MTL_ENABLE_DEBUG_INFO = INCLUDE_SOURCE;
				MTL_FAST_MATH = YES;
				ONLY_ACTIVE_ARCH = YES;
				SDKROOT = iphoneos;
				SWIFT_ACTIVE_COMPILATION_CONDITIONS = DEBUG;
				SWIFT_OPTIMIZATION_LEVEL = "-Onone";
			};
			name = Debug;
		};
		67FF5EB123BDF2F100781428 /* Release */ = {
			isa = XCBuildConfiguration;
			buildSettings = {
				ALWAYS_SEARCH_USER_PATHS = NO;
				CLANG_ANALYZER_NONNULL = YES;
				CLANG_ANALYZER_NUMBER_OBJECT_CONVERSION = YES_AGGRESSIVE;
				CLANG_CXX_LANGUAGE_STANDARD = "gnu++14";
				CLANG_CXX_LIBRARY = "libc++";
				CLANG_ENABLE_MODULES = YES;
				CLANG_ENABLE_OBJC_ARC = YES;
				CLANG_ENABLE_OBJC_WEAK = YES;
				CLANG_WARN_BLOCK_CAPTURE_AUTORELEASING = YES;
				CLANG_WARN_BOOL_CONVERSION = YES;
				CLANG_WARN_COMMA = YES;
				CLANG_WARN_CONSTANT_CONVERSION = YES;
				CLANG_WARN_DEPRECATED_OBJC_IMPLEMENTATIONS = YES;
				CLANG_WARN_DIRECT_OBJC_ISA_USAGE = YES_ERROR;
				CLANG_WARN_DOCUMENTATION_COMMENTS = YES;
				CLANG_WARN_EMPTY_BODY = YES;
				CLANG_WARN_ENUM_CONVERSION = YES;
				CLANG_WARN_INFINITE_RECURSION = YES;
				CLANG_WARN_INT_CONVERSION = YES;
				CLANG_WARN_NON_LITERAL_NULL_CONVERSION = YES;
				CLANG_WARN_OBJC_IMPLICIT_RETAIN_SELF = YES;
				CLANG_WARN_OBJC_LITERAL_CONVERSION = YES;
				CLANG_WARN_OBJC_ROOT_CLASS = YES_ERROR;
				CLANG_WARN_RANGE_LOOP_ANALYSIS = YES;
				CLANG_WARN_STRICT_PROTOTYPES = YES;
				CLANG_WARN_SUSPICIOUS_MOVE = YES;
				CLANG_WARN_UNGUARDED_AVAILABILITY = YES_AGGRESSIVE;
				CLANG_WARN_UNREACHABLE_CODE = YES;
				CLANG_WARN__DUPLICATE_METHOD_MATCH = YES;
				COPY_PHASE_STRIP = NO;
				DEBUG_INFORMATION_FORMAT = "dwarf-with-dsym";
				ENABLE_NS_ASSERTIONS = NO;
				ENABLE_STRICT_OBJC_MSGSEND = YES;
				GCC_C_LANGUAGE_STANDARD = gnu11;
				GCC_NO_COMMON_BLOCKS = YES;
				GCC_WARN_64_TO_32_BIT_CONVERSION = YES;
				GCC_WARN_ABOUT_RETURN_TYPE = YES_ERROR;
				GCC_WARN_UNDECLARED_SELECTOR = YES;
				GCC_WARN_UNINITIALIZED_AUTOS = YES_AGGRESSIVE;
				GCC_WARN_UNUSED_FUNCTION = YES;
				GCC_WARN_UNUSED_VARIABLE = YES;
				IPHONEOS_DEPLOYMENT_TARGET = 13.2;
				MTL_ENABLE_DEBUG_INFO = NO;
				MTL_FAST_MATH = YES;
				SDKROOT = iphoneos;
				SWIFT_COMPILATION_MODE = wholemodule;
				SWIFT_OPTIMIZATION_LEVEL = "-O";
				VALIDATE_PRODUCT = YES;
			};
			name = Release;
		};
		67FF5EB323BDF2F100781428 /* Debug */ = {
			isa = XCBuildConfiguration;
			buildSettings = {
				ASSETCATALOG_COMPILER_APPICON_NAME = AppIcon;
				CODE_SIGN_STYLE = Automatic;
				DEVELOPMENT_TEAM = VYD5K6JF68;
				INFOPLIST_FILE = TabBar/Info.plist;
				LD_RUNPATH_SEARCH_PATHS = (
					"$(inherited)",
					"@executable_path/Frameworks",
				);
				PRODUCT_BUNDLE_IDENTIFIER = com.RockefellerMagic.TabBar;
				PRODUCT_NAME = "$(TARGET_NAME)";
				SWIFT_VERSION = 5.0;
				TARGETED_DEVICE_FAMILY = "1,2";
			};
			name = Debug;
		};
		67FF5EB423BDF2F100781428 /* Release */ = {
			isa = XCBuildConfiguration;
			buildSettings = {
				ASSETCATALOG_COMPILER_APPICON_NAME = AppIcon;
				CODE_SIGN_STYLE = Automatic;
				DEVELOPMENT_TEAM = VYD5K6JF68;
				INFOPLIST_FILE = TabBar/Info.plist;
				LD_RUNPATH_SEARCH_PATHS = (
					"$(inherited)",
					"@executable_path/Frameworks",
				);
				PRODUCT_BUNDLE_IDENTIFIER = com.RockefellerMagic.TabBar;
				PRODUCT_NAME = "$(TARGET_NAME)";
				SWIFT_VERSION = 5.0;
				TARGETED_DEVICE_FAMILY = "1,2";
			};
			name = Release;
		};
		67FF5EB623BDF2F100781428 /* Debug */ = {
			isa = XCBuildConfiguration;
			buildSettings = {
				ALWAYS_EMBED_SWIFT_STANDARD_LIBRARIES = YES;
				BUNDLE_LOADER = "$(TEST_HOST)";
				CODE_SIGN_STYLE = Automatic;
				DEVELOPMENT_TEAM = VYD5K6JF68;
				INFOPLIST_FILE = TabBarTests/Info.plist;
				IPHONEOS_DEPLOYMENT_TARGET = 13.2;
				LD_RUNPATH_SEARCH_PATHS = (
					"$(inherited)",
					"@executable_path/Frameworks",
					"@loader_path/Frameworks",
				);
				PRODUCT_BUNDLE_IDENTIFIER = com.RockefellerMagic.TabBarTests;
				PRODUCT_NAME = "$(TARGET_NAME)";
				SWIFT_VERSION = 5.0;
				TARGETED_DEVICE_FAMILY = "1,2";
				TEST_HOST = "$(BUILT_PRODUCTS_DIR)/TabBar.app/TabBar";
			};
			name = Debug;
		};
		67FF5EB723BDF2F100781428 /* Release */ = {
			isa = XCBuildConfiguration;
			buildSettings = {
				ALWAYS_EMBED_SWIFT_STANDARD_LIBRARIES = YES;
				BUNDLE_LOADER = "$(TEST_HOST)";
				CODE_SIGN_STYLE = Automatic;
				DEVELOPMENT_TEAM = VYD5K6JF68;
				INFOPLIST_FILE = TabBarTests/Info.plist;
				IPHONEOS_DEPLOYMENT_TARGET = 13.2;
				LD_RUNPATH_SEARCH_PATHS = (
					"$(inherited)",
					"@executable_path/Frameworks",
					"@loader_path/Frameworks",
				);
				PRODUCT_BUNDLE_IDENTIFIER = com.RockefellerMagic.TabBarTests;
				PRODUCT_NAME = "$(TARGET_NAME)";
				SWIFT_VERSION = 5.0;
				TARGETED_DEVICE_FAMILY = "1,2";
				TEST_HOST = "$(BUILT_PRODUCTS_DIR)/TabBar.app/TabBar";
			};
			name = Release;
		};
		67FF5EB923BDF2F100781428 /* Debug */ = {
			isa = XCBuildConfiguration;
			buildSettings = {
				ALWAYS_EMBED_SWIFT_STANDARD_LIBRARIES = YES;
				CODE_SIGN_STYLE = Automatic;
				DEVELOPMENT_TEAM = VYD5K6JF68;
				INFOPLIST_FILE = TabBarUITests/Info.plist;
				LD_RUNPATH_SEARCH_PATHS = (
					"$(inherited)",
					"@executable_path/Frameworks",
					"@loader_path/Frameworks",
				);
				PRODUCT_BUNDLE_IDENTIFIER = com.RockefellerMagic.TabBarUITests;
				PRODUCT_NAME = "$(TARGET_NAME)";
				SWIFT_VERSION = 5.0;
				TARGETED_DEVICE_FAMILY = "1,2";
				TEST_TARGET_NAME = TabBar;
			};
			name = Debug;
		};
		67FF5EBA23BDF2F100781428 /* Release */ = {
			isa = XCBuildConfiguration;
			buildSettings = {
				ALWAYS_EMBED_SWIFT_STANDARD_LIBRARIES = YES;
				CODE_SIGN_STYLE = Automatic;
				DEVELOPMENT_TEAM = VYD5K6JF68;
				INFOPLIST_FILE = TabBarUITests/Info.plist;
				LD_RUNPATH_SEARCH_PATHS = (
					"$(inherited)",
					"@executable_path/Frameworks",
					"@loader_path/Frameworks",
				);
				PRODUCT_BUNDLE_IDENTIFIER = com.RockefellerMagic.TabBarUITests;
				PRODUCT_NAME = "$(TARGET_NAME)";
				SWIFT_VERSION = 5.0;
				TARGETED_DEVICE_FAMILY = "1,2";
				TEST_TARGET_NAME = TabBar;
			};
			name = Release;
		};
/* End XCBuildConfiguration section */

/* Begin XCConfigurationList section */
		67FF5E8323BDF2ED00781428 /* Build configuration list for PBXProject "TabBar" */ = {
			isa = XCConfigurationList;
			buildConfigurations = (
				67FF5EB023BDF2F100781428 /* Debug */,
				67FF5EB123BDF2F100781428 /* Release */,
			);
			defaultConfigurationIsVisible = 0;
			defaultConfigurationName = Release;
		};
		67FF5EB223BDF2F100781428 /* Build configuration list for PBXNativeTarget "TabBar" */ = {
			isa = XCConfigurationList;
			buildConfigurations = (
				67FF5EB323BDF2F100781428 /* Debug */,
				67FF5EB423BDF2F100781428 /* Release */,
			);
			defaultConfigurationIsVisible = 0;
			defaultConfigurationName = Release;
		};
		67FF5EB523BDF2F100781428 /* Build configuration list for PBXNativeTarget "TabBarTests" */ = {
			isa = XCConfigurationList;
			buildConfigurations = (
				67FF5EB623BDF2F100781428 /* Debug */,
				67FF5EB723BDF2F100781428 /* Release */,
			);
			defaultConfigurationIsVisible = 0;
			defaultConfigurationName = Release;
		};
		67FF5EB823BDF2F100781428 /* Build configuration list for PBXNativeTarget "TabBarUITests" */ = {
			isa = XCConfigurationList;
			buildConfigurations = (
				67FF5EB923BDF2F100781428 /* Debug */,
				67FF5EBA23BDF2F100781428 /* Release */,
			);
			defaultConfigurationIsVisible = 0;
			defaultConfigurationName = Release;
		};
/* End XCConfigurationList section */
	};
	rootObject = 67FF5E8023BDF2ED00781428 /* Project object */;
}
